// !$*UTF8*$!
{
	archiveVersion = 1;
	classes = {
	};
	objectVersion = 77;
	objects = {

/* Begin PBXContainerItemProxy section */
		2E09594A2E29AFE7001AA629 /* PBXContainerItemProxy */ = {
			isa = PBXContainerItemProxy;
			containerPortal = 2E0959342E29AFE5001AA629 /* Project object */;
			proxyType = 1;
			remoteGlobalIDString = 2E09593B2E29AFE5001AA629;
			remoteInfo = DataSenderApp;
		};
		2E0959542E29AFE7001AA629 /* PBXContainerItemProxy */ = {
			isa = PBXContainerItemProxy;
			containerPortal = 2E0959342E29AFE5001AA629 /* Project object */;
			proxyType = 1;
			remoteGlobalIDString = 2E09593B2E29AFE5001AA629;
			remoteInfo = DataSenderApp;
		};
/* End PBXContainerItemProxy section */

/* Begin PBXFileReference section */
		2E09593C2E29AFE5001AA629 /* DataSenderApp.app */ = {isa = PBXFileReference; explicitFileType = wrapper.application; includeInIndex = 0; path = DataSenderApp.app; sourceTree = BUILT_PRODUCTS_DIR; };
		2E0959492E29AFE7001AA629 /* DataSenderAppTests.xctest */ = {isa = PBXFileReference; explicitFileType = wrapper.cfbundle; includeInIndex = 0; path = DataSenderAppTests.xctest; sourceTree = BUILT_PRODUCTS_DIR; };
		2E0959532E29AFE7001AA629 /* DataSenderAppUITests.xctest */ = {isa = PBXFileReference; explicitFileType = wrapper.cfbundle; includeInIndex = 0; path = DataSenderAppUITests.xctest; sourceTree = BUILT_PRODUCTS_DIR; };
/* End PBXFileReference section */

/* Begin PBXFileSystemSynchronizedRootGroup section */
		2E09593E2E29AFE5001AA629 /* DataSenderApp */ = {
			isa = PBXFileSystemSynchronizedRootGroup;
			path = DataSenderApp;
			sourceTree = "<group>";
		};
		2E09594C2E29AFE7001AA629 /* DataSenderAppTests */ = {
			isa = PBXFileSystemSynchronizedRootGroup;
			path = DataSenderAppTests;
			sourceTree = "<group>";
		};
		2E0959562E29AFE7001AA629 /* DataSenderAppUITests */ = {
			isa = PBXFileSystemSynchronizedRootGroup;
			path = DataSenderAppUITests;
			sourceTree = "<group>";
		};
/* End PBXFileSystemSynchronizedRootGroup section */

/* Begin PBXFrameworksBuildPhase section */
		2E0959392E29AFE5001AA629 /* Frameworks */ = {
			isa = PBXFrameworksBuildPhase;
			buildActionMask = 2147483647;
			files = (
			);
			runOnlyForDeploymentPostprocessing = 0;
		};
		2E0959462E29AFE7001AA629 /* Frameworks */ = {
			isa = PBXFrameworksBuildPhase;
			buildActionMask = 2147483647;
			files = (
			);
			runOnlyForDeploymentPostprocessing = 0;
		};
		2E0959502E29AFE7001AA629 /* Frameworks */ = {
			isa = PBXFrameworksBuildPhase;
			buildActionMask = 2147483647;
			files = (
			);
			runOnlyForDeploymentPostprocessing = 0;
		};
/* End PBXFrameworksBuildPhase section */

/* Begin PBXGroup section */
		2E0959332E29AFE5001AA629 = {
			isa = PBXGroup;
			children = (
				2E09593E2E29AFE5001AA629 /* DataSenderApp */,
				2E09594C2E29AFE7001AA629 /* DataSenderAppTests */,
				2E0959562E29AFE7001AA629 /* DataSenderAppUITests */,
				2E09593D2E29AFE5001AA629 /* Products */,
			);
			sourceTree = "<group>";
		};
		2E09593D2E29AFE5001AA629 /* Products */ = {
			isa = PBXGroup;
			children = (
				2E09593C2E29AFE5001AA629 /* DataSenderApp.app */,
				2E0959492E29AFE7001AA629 /* DataSenderAppTests.xctest */,
				2E0959532E29AFE7001AA629 /* DataSenderAppUITests.xctest */,
			);
			name = Products;
			sourceTree = "<group>";
		};
/* End PBXGroup section */

/* Begin PBXNativeTarget section */
		2E09593B2E29AFE5001AA629 /* DataSenderApp */ = {
			isa = PBXNativeTarget;
			buildConfigurationList = 2E09595D2E29AFE7001AA629 /* Build configuration list for PBXNativeTarget "DataSenderApp" */;
			buildPhases = (
				2E0959382E29AFE5001AA629 /* Sources */,
				2E0959392E29AFE5001AA629 /* Frameworks */,
				2E09593A2E29AFE5001AA629 /* Resources */,
			);
			buildRules = (
			);
			dependencies = (
			);
			fileSystemSynchronizedGroups = (
				2E09593E2E29AFE5001AA629 /* DataSenderApp */,
			);
			name = DataSenderApp;
			packageProductDependencies = (
			);
			productName = DataSenderApp;
			productReference = 2E09593C2E29AFE5001AA629 /* DataSenderApp.app */;
			productType = "com.apple.product-type.application";
		};
		2E0959482E29AFE7001AA629 /* DataSenderAppTests */ = {
			isa = PBXNativeTarget;
			buildConfigurationList = 2E0959602E29AFE7001AA629 /* Build configuration list for PBXNativeTarget "DataSenderAppTests" */;
			buildPhases = (
				2E0959452E29AFE7001AA629 /* Sources */,
				2E0959462E29AFE7001AA629 /* Frameworks */,
				2E0959472E29AFE7001AA629 /* Resources */,
			);
			buildRules = (
			);
			dependencies = (
				2E09594B2E29AFE7001AA629 /* PBXTargetDependency */,
			);
			fileSystemSynchronizedGroups = (
				2E09594C2E29AFE7001AA629 /* DataSenderAppTests */,
			);
			name = DataSenderAppTests;
			packageProductDependencies = (
			);
			productName = DataSenderAppTests;
			productReference = 2E0959492E29AFE7001AA629 /* DataSenderAppTests.xctest */;
			productType = "com.apple.product-type.bundle.unit-test";
		};
		2E0959522E29AFE7001AA629 /* DataSenderAppUITests */ = {
			isa = PBXNativeTarget;
			buildConfigurationList = 2E0959632E29AFE7001AA629 /* Build configuration list for PBXNativeTarget "DataSenderAppUITests" */;
			buildPhases = (
				2E09594F2E29AFE7001AA629 /* Sources */,
				2E0959502E29AFE7001AA629 /* Frameworks */,
				2E0959512E29AFE7001AA629 /* Resources */,
			);
			buildRules = (
			);
			dependencies = (
				2E0959552E29AFE7001AA629 /* PBXTargetDependency */,
			);
			fileSystemSynchronizedGroups = (
				2E0959562E29AFE7001AA629 /* DataSenderAppUITests */,
			);
			name = DataSenderAppUITests;
			packageProductDependencies = (
			);
			productName = DataSenderAppUITests;
			productReference = 2E0959532E29AFE7001AA629 /* DataSenderAppUITests.xctest */;
			productType = "com.apple.product-type.bundle.ui-testing";
		};
/* End PBXNativeTarget section */

/* Begin PBXProject section */
		2E0959342E29AFE5001AA629 /* Project object */ = {
			isa = PBXProject;
			attributes = {
				BuildIndependentTargetsInParallel = 1;
				LastSwiftUpdateCheck = 1640;
				LastUpgradeCheck = 1640;
				TargetAttributes = {
					2E09593B2E29AFE5001AA629 = {
						CreatedOnToolsVersion = 16.4;
					};
					2E0959482E29AFE7001AA629 = {
						CreatedOnToolsVersion = 16.4;
						TestTargetID = 2E09593B2E29AFE5001AA629;
					};
					2E0959522E29AFE7001AA629 = {
						CreatedOnToolsVersion = 16.4;
						TestTargetID = 2E09593B2E29AFE5001AA629;
					};
				};
			};
			buildConfigurationList = 2E0959372E29AFE5001AA629 /* Build configuration list for PBXProject "DataSenderApp" */;
			developmentRegion = en;
			hasScannedForEncodings = 0;
			knownRegions = (
				en,
				Base,
			);
			mainGroup = 2E0959332E29AFE5001AA629;
			minimizedProjectReferenceProxies = 1;
			preferredProjectObjectVersion = 77;
			productRefGroup = 2E09593D2E29AFE5001AA629 /* Products */;
			projectDirPath = "";
			projectRoot = "";
			targets = (
				2E09593B2E29AFE5001AA629 /* DataSenderApp */,
				2E0959482E29AFE7001AA629 /* DataSenderAppTests */,
				2E0959522E29AFE7001AA629 /* DataSenderAppUITests */,
			);
		};
/* End PBXProject section */

/* Begin PBXResourcesBuildPhase section */
		2E09593A2E29AFE5001AA629 /* Resources */ = {
			isa = PBXResourcesBuildPhase;
			buildActionMask = 2147483647;
			files = (
			);
			runOnlyForDeploymentPostprocessing = 0;
		};
		2E0959472E29AFE7001AA629 /* Resources */ = {
			isa = PBXResourcesBuildPhase;
			buildActionMask = 2147483647;
			files = (
			);
			runOnlyForDeploymentPostprocessing = 0;
		};
		2E0959512E29AFE7001AA629 /* Resources */ = {
			isa = PBXResourcesBuildPhase;
			buildActionMask = 2147483647;
			files = (
			);
			runOnlyForDeploymentPostprocessing = 0;
		};
/* End PBXResourcesBuildPhase section */

/* Begin PBXSourcesBuildPhase section */
		2E0959382E29AFE5001AA629 /* Sources */ = {
			isa = PBXSourcesBuildPhase;
			buildActionMask = 2147483647;
			files = (
			);
			runOnlyForDeploymentPostprocessing = 0;
		};
		2E0959452E29AFE7001AA629 /* Sources */ = {
			isa = PBXSourcesBuildPhase;
			buildActionMask = 2147483647;
			files = (
			);
			runOnlyForDeploymentPostprocessing = 0;
		};
		2E09594F2E29AFE7001AA629 /* Sources */ = {
			isa = PBXSourcesBuildPhase;
			buildActionMask = 2147483647;
			files = (
			);
			runOnlyForDeploymentPostprocessing = 0;
		};
/* End PBXSourcesBuildPhase section */

/* Begin PBXTargetDependency section */
		2E09594B2E29AFE7001AA629 /* PBXTargetDependency */ = {
			isa = PBXTargetDependency;
			target = 2E09593B2E29AFE5001AA629 /* DataSenderApp */;
			targetProxy = 2E09594A2E29AFE7001AA629 /* PBXContainerItemProxy */;
		};
		2E0959552E29AFE7001AA629 /* PBXTargetDependency */ = {
			isa = PBXTargetDependency;
			target = 2E09593B2E29AFE5001AA629 /* DataSenderApp */;
			targetProxy = 2E0959542E29AFE7001AA629 /* PBXContainerItemProxy */;
		};
/* End PBXTargetDependency section */

/* Begin XCBuildConfiguration section */
		2E09595B2E29AFE7001AA629 /* Debug */ = {
			isa = XCBuildConfiguration;
			buildSettings = {
				ALWAYS_SEARCH_USER_PATHS = NO;
				ASSETCATALOG_COMPILER_GENERATE_SWIFT_ASSET_SYMBOL_EXTENSIONS = YES;
				CLANG_ANALYZER_NONNULL = YES;
				CLANG_ANALYZER_NUMBER_OBJECT_CONVERSION = YES_AGGRESSIVE;
				CLANG_CXX_LANGUAGE_STANDARD = "gnu++20";
				CLANG_ENABLE_MODULES = YES;
				CLANG_ENABLE_OBJC_ARC = YES;
				CLANG_ENABLE_OBJC_WEAK = YES;
				CLANG_WARN_BLOCK_CAPTURE_AUTORELEASING = YES;
				CLANG_WARN_BOOL_CONVERSION = YES;
				CLANG_WARN_COMMA = YES;
				CLANG_WARN_CONSTANT_CONVERSION = YES;
				CLANG_WARN_DEPRECATED_OBJC_IMPLEMENTATIONS = YES;
				CLANG_WARN_DIRECT_OBJC_ISA_USAGE = YES_ERROR;
				CLANG_WARN_DOCUMENTATION_COMMENTS = YES;
				CLANG_WARN_EMPTY_BODY = YES;
				CLANG_WARN_ENUM_CONVERSION = YES;
				CLANG_WARN_INFINITE_RECURSION = YES;
				CLANG_WARN_INT_CONVERSION = YES;
				CLANG_WARN_NON_LITERAL_NULL_CONVERSION = YES;
				CLANG_WARN_OBJC_IMPLICIT_RETAIN_SELF = YES;
				CLANG_WARN_OBJC_LITERAL_CONVERSION = YES;
				CLANG_WARN_OBJC_ROOT_CLASS = YES_ERROR;
				CLANG_WARN_QUOTED_INCLUDE_IN_FRAMEWORK_HEADER = YES;
				CLANG_WARN_RANGE_LOOP_ANALYSIS = YES;
				CLANG_WARN_STRICT_PROTOTYPES = YES;
				CLANG_WARN_SUSPICIOUS_MOVE = YES;
				CLANG_WARN_UNGUARDED_AVAILABILITY = YES_AGGRESSIVE;
				CLANG_WARN_UNREACHABLE_CODE = YES;
				CLANG_WARN__DUPLICATE_METHOD_MATCH = YES;
				COPY_PHASE_STRIP = NO;
				DEBUG_INFORMATION_FORMAT = dwarf;
				ENABLE_STRICT_OBJC_MSGSEND = YES;
				ENABLE_TESTABILITY = YES;
				ENABLE_USER_SCRIPT_SANDBOXING = YES;
				GCC_C_LANGUAGE_STANDARD = gnu17;
				GCC_DYNAMIC_NO_PIC = NO;
				GCC_NO_COMMON_BLOCKS = YES;
				GCC_OPTIMIZATION_LEVEL = 0;
				GCC_PREPROCESSOR_DEFINITIONS = (
					"DEBUG=1",
					"$(inherited)",
				);
				GCC_WARN_64_TO_32_BIT_CONVERSION = YES;
				GCC_WARN_ABOUT_RETURN_TYPE = YES_ERROR;
				GCC_WARN_UNDECLARED_SELECTOR = YES;
				GCC_WARN_UNINITIALIZED_AUTOS = YES_AGGRESSIVE;
				GCC_WARN_UNUSED_FUNCTION = YES;
				GCC_WARN_UNUSED_VARIABLE = YES;
				IPHONEOS_DEPLOYMENT_TARGET = 18.5;
				LOCALIZATION_PREFERS_STRING_CATALOGS = YES;
				MTL_ENABLE_DEBUG_INFO = INCLUDE_SOURCE;
				MTL_FAST_MATH = YES;
				ONLY_ACTIVE_ARCH = YES;
				SDKROOT = iphoneos;
				SWIFT_ACTIVE_COMPILATION_CONDITIONS = "DEBUG $(inherited)";
				SWIFT_OPTIMIZATION_LEVEL = "-Onone";
			};
			name = Debug;
		};
		2E09595C2E29AFE7001AA629 /* Release */ = {
			isa = XCBuildConfiguration;
			buildSettings = {
				ALWAYS_SEARCH_USER_PATHS = NO;
				ASSETCATALOG_COMPILER_GENERATE_SWIFT_ASSET_SYMBOL_EXTENSIONS = YES;
				CLANG_ANALYZER_NONNULL = YES;
				CLANG_ANALYZER_NUMBER_OBJECT_CONVERSION = YES_AGGRESSIVE;
				CLANG_CXX_LANGUAGE_STANDARD = "gnu++20";
				CLANG_ENABLE_MODULES = YES;
				CLANG_ENABLE_OBJC_ARC = YES;
				CLANG_ENABLE_OBJC_WEAK = YES;
				CLANG_WARN_BLOCK_CAPTURE_AUTORELEASING = YES;
				CLANG_WARN_BOOL_CONVERSION = YES;
				CLANG_WARN_COMMA = YES;
				CLANG_WARN_CONSTANT_CONVERSION = YES;
				CLANG_WARN_DEPRECATED_OBJC_IMPLEMENTATIONS = YES;
				CLANG_WARN_DIRECT_OBJC_ISA_USAGE = YES_ERROR;
				CLANG_WARN_DOCUMENTATION_COMMENTS = YES;
				CLANG_WARN_EMPTY_BODY = YES;
				CLANG_WARN_ENUM_CONVERSION = YES;
				CLANG_WARN_INFINITE_RECURSION = YES;
				CLANG_WARN_INT_CONVERSION = YES;
				CLANG_WARN_NON_LITERAL_NULL_CONVERSION = YES;
				CLANG_WARN_OBJC_IMPLICIT_RETAIN_SELF = YES;
				CLANG_WARN_OBJC_LITERAL_CONVERSION = YES;
				CLANG_WARN_OBJC_ROOT_CLASS = YES_ERROR;
				CLANG_WARN_QUOTED_INCLUDE_IN_FRAMEWORK_HEADER = YES;
				CLANG_WARN_RANGE_LOOP_ANALYSIS = YES;
				CLANG_WARN_STRICT_PROTOTYPES = YES;
				CLANG_WARN_SUSPICIOUS_MOVE = YES;
				CLANG_WARN_UNGUARDED_AVAILABILITY = YES_AGGRESSIVE;
				CLANG_WARN_UNREACHABLE_CODE = YES;
				CLANG_WARN__DUPLICATE_METHOD_MATCH = YES;
				COPY_PHASE_STRIP = NO;
				DEBUG_INFORMATION_FORMAT = "dwarf-with-dsym";
				ENABLE_NS_ASSERTIONS = NO;
				ENABLE_STRICT_OBJC_MSGSEND = YES;
				ENABLE_USER_SCRIPT_SANDBOXING = YES;
				GCC_C_LANGUAGE_STANDARD = gnu17;
				GCC_NO_COMMON_BLOCKS = YES;
				GCC_WARN_64_TO_32_BIT_CONVERSION = YES;
				GCC_WARN_ABOUT_RETURN_TYPE = YES_ERROR;
				GCC_WARN_UNDECLARED_SELECTOR = YES;
				GCC_WARN_UNINITIALIZED_AUTOS = YES_AGGRESSIVE;
				GCC_WARN_UNUSED_FUNCTION = YES;
				GCC_WARN_UNUSED_VARIABLE = YES;
				IPHONEOS_DEPLOYMENT_TARGET = 18.5;
				LOCALIZATION_PREFERS_STRING_CATALOGS = YES;
				MTL_ENABLE_DEBUG_INFO = NO;
				MTL_FAST_MATH = YES;
				SDKROOT = iphoneos;
				SWIFT_COMPILATION_MODE = wholemodule;
				VALIDATE_PRODUCT = YES;
			};
			name = Release;
		};
		2E09595E2E29AFE7001AA629 /* Debug */ = {
			isa = XCBuildConfiguration;
			buildSettings = {
				ASSETCATALOG_COMPILER_APPICON_NAME = AppIcon;
				ASSETCATALOG_COMPILER_GLOBAL_ACCENT_COLOR_NAME = AccentColor;
				CODE_SIGN_STYLE = Automatic;
				CURRENT_PROJECT_VERSION = 1;
				ENABLE_PREVIEWS = YES;
				GENERATE_INFOPLIST_FILE = YES;
				INFOPLIST_KEY_UIApplicationSceneManifest_Generation = YES;
				INFOPLIST_KEY_UIApplicationSupportsIndirectInputEvents = YES;
				INFOPLIST_KEY_UILaunchScreen_Generation = YES;
				INFOPLIST_KEY_UISupportedInterfaceOrientations_iPad = "UIInterfaceOrientationPortrait UIInterfaceOrientationPortraitUpsideDown UIInterfaceOrientationLandscapeLeft UIInterfaceOrientationLandscapeRight";
				INFOPLIST_KEY_UISupportedInterfaceOrientations_iPhone = "UIInterfaceOrientationPortrait UIInterfaceOrientationLandscapeLeft UIInterfaceOrientationLandscapeRight";
				LD_RUNPATH_SEARCH_PATHS = (
					"$(inherited)",
					"@executable_path/Frameworks",
				);
				MARKETING_VERSION = 1.0;
				PRODUCT_BUNDLE_IDENTIFIER = com.cjsjca.DataSenderApp;
				PRODUCT_NAME = "$(TARGET_NAME)";
				SWIFT_EMIT_LOC_STRINGS = YES;
				SWIFT_VERSION = 5.0;
				TARGETED_DEVICE_FAMILY = "1,2";
			};
			name = Debug;
		};
		2E09595F2E29AFE7001AA629 /* Release */ = {
			isa = XCBuildConfiguration;
			buildSettings = {
				ASSETCATALOG_COMPILER_APPICON_NAME = AppIcon;
				ASSETCATALOG_COMPILER_GLOBAL_ACCENT_COLOR_NAME = AccentColor;
				CODE_SIGN_STYLE = Automatic;
				CURRENT_PROJECT_VERSION = 1;
				ENABLE_PREVIEWS = YES;
				GENERATE_INFOPLIST_FILE = YES;
				INFOPLIST_KEY_UIApplicationSceneManifest_Generation = YES;
				INFOPLIST_KEY_UIApplicationSupportsIndirectInputEvents = YES;
				INFOPLIST_KEY_UILaunchScreen_Generation = YES;
				INFOPLIST_KEY_UISupportedInterfaceOrientations_iPad = "UIInterfaceOrientationPortrait UIInterfaceOrientationPortraitUpsideDown UIInterfaceOrientationLandscapeLeft UIInterfaceOrientationLandscapeRight";
				INFOPLIST_KEY_UISupportedInterfaceOrientations_iPhone = "UIInterfaceOrientationPortrait UIInterfaceOrientationLandscapeLeft UIInterfaceOrientationLandscapeRight";
				LD_RUNPATH_SEARCH_PATHS = (
					"$(inherited)",
					"@executable_path/Frameworks",
				);
				MARKETING_VERSION = 1.0;
				PRODUCT_BUNDLE_IDENTIFIER = com.cjsjca.DataSenderApp;
				PRODUCT_NAME = "$(TARGET_NAME)";
				SWIFT_EMIT_LOC_STRINGS = YES;
				SWIFT_VERSION = 5.0;
				TARGETED_DEVICE_FAMILY = "1,2";
			};
			name = Release;
		};
		2E0959612E29AFE7001AA629 /* Debug */ = {
			isa = XCBuildConfiguration;
			buildSettings = {
				BUNDLE_LOADER = "$(TEST_HOST)";
				CODE_SIGN_STYLE = Automatic;
				CURRENT_PROJECT_VERSION = 1;
				GENERATE_INFOPLIST_FILE = YES;
				IPHONEOS_DEPLOYMENT_TARGET = 18.5;
				MARKETING_VERSION = 1.0;
				PRODUCT_BUNDLE_IDENTIFIER = com.cjsjca.DataSenderAppTests;
				PRODUCT_NAME = "$(TARGET_NAME)";
				SWIFT_EMIT_LOC_STRINGS = NO;
				SWIFT_VERSION = 5.0;
				TARGETED_DEVICE_FAMILY = "1,2";
				TEST_HOST = "$(BUILT_PRODUCTS_DIR)/DataSenderApp.app/$(BUNDLE_EXECUTABLE_FOLDER_PATH)/DataSenderApp";
			};
			name = Debug;
		};
		2E0959622E29AFE7001AA629 /* Release */ = {
			isa = XCBuildConfiguration;
			buildSettings = {
				BUNDLE_LOADER = "$(TEST_HOST)";
				CODE_SIGN_STYLE = Automatic;
				CURRENT_PROJECT_VERSION = 1;
				GENERATE_INFOPLIST_FILE = YES;
				IPHONEOS_DEPLOYMENT_TARGET = 18.5;
				MARKETING_VERSION = 1.0;
				PRODUCT_BUNDLE_IDENTIFIER = com.cjsjca.DataSenderAppTests;
				PRODUCT_NAME = "$(TARGET_NAME)";
				SWIFT_EMIT_LOC_STRINGS = NO;
				SWIFT_VERSION = 5.0;
				TARGETED_DEVICE_FAMILY = "1,2";
				TEST_HOST = "$(BUILT_PRODUCTS_DIR)/DataSenderApp.app/$(BUNDLE_EXECUTABLE_FOLDER_PATH)/DataSenderApp";
			};
			name = Release;
		};
		2E0959642E29AFE7001AA629 /* Debug */ = {
			isa = XCBuildConfiguration;
			buildSettings = {
				CODE_SIGN_STYLE = Automatic;
				CURRENT_PROJECT_VERSION = 1;
				GENERATE_INFOPLIST_FILE = YES;
				MARKETING_VERSION = 1.0;
				PRODUCT_BUNDLE_IDENTIFIER = com.cjsjca.DataSenderAppUITests;
				PRODUCT_NAME = "$(TARGET_NAME)";
				SWIFT_EMIT_LOC_STRINGS = NO;
				SWIFT_VERSION = 5.0;
				TARGETED_DEVICE_FAMILY = "1,2";
				TEST_TARGET_NAME = DataSenderApp;
			};
			name = Debug;
		};
		2E0959652E29AFE7001AA629 /* Release */ = {
			isa = XCBuildConfiguration;
			buildSettings = {
				CODE_SIGN_STYLE = Automatic;
				CURRENT_PROJECT_VERSION = 1;
				GENERATE_INFOPLIST_FILE = YES;
				MARKETING_VERSION = 1.0;
				PRODUCT_BUNDLE_IDENTIFIER = com.cjsjca.DataSenderAppUITests;
				PRODUCT_NAME = "$(TARGET_NAME)";
				SWIFT_EMIT_LOC_STRINGS = NO;
				SWIFT_VERSION = 5.0;
				TARGETED_DEVICE_FAMILY = "1,2";
				TEST_TARGET_NAME = DataSenderApp;
			};
			name = Release;
		};
/* End XCBuildConfiguration section */

/* Begin XCConfigurationList section */
		2E0959372E29AFE5001AA629 /* Build configuration list for PBXProject "DataSenderApp" */ = {
			isa = XCConfigurationList;
			buildConfigurations = (
				2E09595B2E29AFE7001AA629 /* Debug */,
				2E09595C2E29AFE7001AA629 /* Release */,
			);
			defaultConfigurationIsVisible = 0;
			defaultConfigurationName = Release;
		};
		2E09595D2E29AFE7001AA629 /* Build configuration list for PBXNativeTarget "DataSenderApp" */ = {
			isa = XCConfigurationList;
			buildConfigurations = (
				2E09595E2E29AFE7001AA629 /* Debug */,
				2E09595F2E29AFE7001AA629 /* Release */,
			);
			defaultConfigurationIsVisible = 0;
			defaultConfigurationName = Release;
		};
		2E0959602E29AFE7001AA629 /* Build configuration list for PBXNativeTarget "DataSenderAppTests" */ = {
			isa = XCConfigurationList;
			buildConfigurations = (
				2E0959612E29AFE7001AA629 /* Debug */,
				2E0959622E29AFE7001AA629 /* Release */,
			);
			defaultConfigurationIsVisible = 0;
			defaultConfigurationName = Release;
		};
		2E0959632E29AFE7001AA629 /* Build configuration list for PBXNativeTarget "DataSenderAppUITests" */ = {
			isa = XCConfigurationList;
			buildConfigurations = (
				2E0959642E29AFE7001AA629 /* Debug */,
				2E0959652E29AFE7001AA629 /* Release */,
			);
			defaultConfigurationIsVisible = 0;
			defaultConfigurationName = Release;
		};
/* End XCConfigurationList section */
	};
	rootObject = 2E0959342E29AFE5001AA629 /* Project object */;
}
